// !$*UTF8*$!
{
	archiveVersion = 1;
	classes = {
	};
	objectVersion = 55;
	objects = {

/* Begin PBXBuildFile section */
		FBD4548128AA38E2009B191B /* visual0App.swift in Sources */ = {isa = PBXBuildFile; fileRef = FBD4548028AA38E2009B191B /* visual0App.swift */; };
		FBD4548528AA38E6009B191B /* Assets.xcassets in Resources */ = {isa = PBXBuildFile; fileRef = FBD4548428AA38E6009B191B /* Assets.xcassets */; };
		FBD4548828AA38E6009B191B /* Preview Assets.xcassets in Resources */ = {isa = PBXBuildFile; fileRef = FBD4548728AA38E6009B191B /* Preview Assets.xcassets */; };
		FBD4549028AB74E2009B191B /* ContentView1.swift in Sources */ = {isa = PBXBuildFile; fileRef = FBD4548F28AB74E2009B191B /* ContentView1.swift */; };
		FBD454A528AB7D8A009B191B /* ContentView.swift in Sources */ = {isa = PBXBuildFile; fileRef = FBD454A428AB7D8A009B191B /* ContentView.swift */; };
		FBD454A728AB7DE4009B191B /* FilePanel+Extension.swift in Sources */ = {isa = PBXBuildFile; fileRef = FBD454A628AB7DE4009B191B /* FilePanel+Extension.swift */; };
		FBD454A928AB7E34009B191B /* ImageFilter.swift in Sources */ = {isa = PBXBuildFile; fileRef = FBD454A828AB7E34009B191B /* ImageFilter.swift */; };
		FBD454AC28AB7F23009B191B /* GPUImage in Frameworks */ = {isa = PBXBuildFile; productRef = FBD454AB28AB7F23009B191B /* GPUImage */; };
		FBD454AE28AB7FEA009B191B /* ProgressView.swift in Sources */ = {isa = PBXBuildFile; fileRef = FBD454AD28AB7FEA009B191B /* ProgressView.swift */; };
		FBD454B028AB8027009B191B /* AppDelegate.swift in Sources */ = {isa = PBXBuildFile; fileRef = FBD454AF28AB8027009B191B /* AppDelegate.swift */; };
		FBD454B228AB81B9009B191B /* AppState.swift in Sources */ = {isa = PBXBuildFile; fileRef = FBD454B128AB81B9009B191B /* AppState.swift */; };
		FBD454B828AB86B2009B191B /* ImageFilterView.swift in Sources */ = {isa = PBXBuildFile; fileRef = FBD454B728AB86B2009B191B /* ImageFilterView.swift */; };
		FBD454BA28AB874A009B191B /* CPImage.swift in Sources */ = {isa = PBXBuildFile; fileRef = FBD454B928AB874A009B191B /* CPImage.swift */; };
/* End PBXBuildFile section */

/* Begin PBXFileReference section */
		FBD4547D28AA38E2009B191B /* visual0.app */ = {isa = PBXFileReference; explicitFileType = wrapper.application; includeInIndex = 0; path = visual0.app; sourceTree = BUILT_PRODUCTS_DIR; };
		FBD4548028AA38E2009B191B /* visual0App.swift */ = {isa = PBXFileReference; lastKnownFileType = sourcecode.swift; path = visual0App.swift; sourceTree = "<group>"; };
		FBD4548428AA38E6009B191B /* Assets.xcassets */ = {isa = PBXFileReference; lastKnownFileType = folder.assetcatalog; path = Assets.xcassets; sourceTree = "<group>"; };
		FBD4548728AA38E6009B191B /* Preview Assets.xcassets */ = {isa = PBXFileReference; lastKnownFileType = folder.assetcatalog; path = "Preview Assets.xcassets"; sourceTree = "<group>"; };
		FBD4548928AA38E6009B191B /* visual0.entitlements */ = {isa = PBXFileReference; lastKnownFileType = text.plist.entitlements; path = visual0.entitlements; sourceTree = "<group>"; };
		FBD4548F28AB74E2009B191B /* ContentView1.swift */ = {isa = PBXFileReference; lastKnownFileType = sourcecode.swift; path = ContentView1.swift; sourceTree = "<group>"; };
		FBD454A428AB7D8A009B191B /* ContentView.swift */ = {isa = PBXFileReference; lastKnownFileType = sourcecode.swift; path = ContentView.swift; sourceTree = "<group>"; };
		FBD454A628AB7DE4009B191B /* FilePanel+Extension.swift */ = {isa = PBXFileReference; lastKnownFileType = sourcecode.swift; path = "FilePanel+Extension.swift"; sourceTree = "<group>"; };
		FBD454A828AB7E34009B191B /* ImageFilter.swift */ = {isa = PBXFileReference; lastKnownFileType = sourcecode.swift; path = ImageFilter.swift; sourceTree = "<group>"; };
		FBD454AA28AB7ED8009B191B /* GPUImage2 */ = {isa = PBXFileReference; lastKnownFileType = wrapper; name = GPUImage2; path = ../GPUImage2; sourceTree = "<group>"; };
		FBD454AD28AB7FEA009B191B /* ProgressView.swift */ = {isa = PBXFileReference; lastKnownFileType = sourcecode.swift; path = ProgressView.swift; sourceTree = "<group>"; };
		FBD454AF28AB8027009B191B /* AppDelegate.swift */ = {isa = PBXFileReference; lastKnownFileType = sourcecode.swift; path = AppDelegate.swift; sourceTree = "<group>"; };
		FBD454B128AB81B9009B191B /* AppState.swift */ = {isa = PBXFileReference; lastKnownFileType = sourcecode.swift; path = AppState.swift; sourceTree = "<group>"; };
		FBD454B728AB86B2009B191B /* ImageFilterView.swift */ = {isa = PBXFileReference; fileEncoding = 4; lastKnownFileType = sourcecode.swift; path = ImageFilterView.swift; sourceTree = "<group>"; };
		FBD454B928AB874A009B191B /* CPImage.swift */ = {isa = PBXFileReference; fileEncoding = 4; lastKnownFileType = sourcecode.swift; path = CPImage.swift; sourceTree = "<group>"; };
/* End PBXFileReference section */

/* Begin PBXFrameworksBuildPhase section */
		FBD4547A28AA38E2009B191B /* Frameworks */ = {
			isa = PBXFrameworksBuildPhase;
			buildActionMask = 2147483647;
			files = (
				FBD454AC28AB7F23009B191B /* GPUImage in Frameworks */,
			);
			runOnlyForDeploymentPostprocessing = 0;
		};
/* End PBXFrameworksBuildPhase section */

/* Begin PBXGroup section */
		FBD4547428AA38E2009B191B = {
			isa = PBXGroup;
			children = (
				FBD454A028AB7BC3009B191B /* Packages */,
				FBD4547F28AA38E2009B191B /* visual0 */,
				FBD4547E28AA38E2009B191B /* Products */,
				FBD4549728AB7AE2009B191B /* Frameworks */,
			);
			sourceTree = "<group>";
		};
		FBD4547E28AA38E2009B191B /* Products */ = {
			isa = PBXGroup;
			children = (
				FBD4547D28AA38E2009B191B /* visual0.app */,
			);
			name = Products;
			sourceTree = "<group>";
		};
		FBD4547F28AA38E2009B191B /* visual0 */ = {
			isa = PBXGroup;
			children = (
				FBD454A628AB7DE4009B191B /* FilePanel+Extension.swift */,
				FBD454B728AB86B2009B191B /* ImageFilterView.swift */,
				FBD454B928AB874A009B191B /* CPImage.swift */,
				FBD4548028AA38E2009B191B /* visual0App.swift */,
				FBD454A828AB7E34009B191B /* ImageFilter.swift */,
				FBD4548F28AB74E2009B191B /* ContentView1.swift */,
				FBD454A428AB7D8A009B191B /* ContentView.swift */,
				FBD454B128AB81B9009B191B /* AppState.swift */,
				FBD454AD28AB7FEA009B191B /* ProgressView.swift */,
				FBD454AF28AB8027009B191B /* AppDelegate.swift */,
				FBD4548428AA38E6009B191B /* Assets.xcassets */,
				FBD4548928AA38E6009B191B /* visual0.entitlements */,
				FBD4548628AA38E6009B191B /* Preview Content */,
			);
			path = visual0;
			sourceTree = "<group>";
		};
		FBD4548628AA38E6009B191B /* Preview Content */ = {
			isa = PBXGroup;
			children = (
				FBD4548728AA38E6009B191B /* Preview Assets.xcassets */,
			);
			path = "Preview Content";
			sourceTree = "<group>";
		};
		FBD4549728AB7AE2009B191B /* Frameworks */ = {
			isa = PBXGroup;
			children = (
			);
			name = Frameworks;
			sourceTree = "<group>";
		};
		FBD454A028AB7BC3009B191B /* Packages */ = {
			isa = PBXGroup;
			children = (
				FBD454AA28AB7ED8009B191B /* GPUImage2 */,
			);
			name = Packages;
			sourceTree = "<group>";
		};
/* End PBXGroup section */

/* Begin PBXNativeTarget section */
		FBD4547C28AA38E2009B191B /* visual0 */ = {
			isa = PBXNativeTarget;
			buildConfigurationList = FBD4548C28AA38E6009B191B /* Build configuration list for PBXNativeTarget "visual0" */;
			buildPhases = (
				FBD4547928AA38E2009B191B /* Sources */,
				FBD4547A28AA38E2009B191B /* Frameworks */,
				FBD4547B28AA38E2009B191B /* Resources */,
			);
			buildRules = (
			);
			dependencies = (
			);
			name = visual0;
			packageProductDependencies = (
				FBD454AB28AB7F23009B191B /* GPUImage */,
			);
			productName = visual0;
			productReference = FBD4547D28AA38E2009B191B /* visual0.app */;
			productType = "com.apple.product-type.application";
		};
/* End PBXNativeTarget section */

/* Begin PBXProject section */
		FBD4547528AA38E2009B191B /* Project object */ = {
			isa = PBXProject;
			attributes = {
				BuildIndependentTargetsInParallel = 1;
				LastSwiftUpdateCheck = 1340;
				LastUpgradeCheck = 1340;
				TargetAttributes = {
					FBD4547C28AA38E2009B191B = {
						CreatedOnToolsVersion = 13.4.1;
					};
				};
			};
			buildConfigurationList = FBD4547828AA38E2009B191B /* Build configuration list for PBXProject "visual0" */;
			compatibilityVersion = "Xcode 13.0";
			developmentRegion = en;
			hasScannedForEncodings = 0;
			knownRegions = (
				en,
				Base,
			);
			mainGroup = FBD4547428AA38E2009B191B;
			productRefGroup = FBD4547E28AA38E2009B191B /* Products */;
			projectDirPath = "";
			projectRoot = "";
			targets = (
				FBD4547C28AA38E2009B191B /* visual0 */,
			);
		};
/* End PBXProject section */

/* Begin PBXResourcesBuildPhase section */
		FBD4547B28AA38E2009B191B /* Resources */ = {
			isa = PBXResourcesBuildPhase;
			buildActionMask = 2147483647;
			files = (
				FBD4548828AA38E6009B191B /* Preview Assets.xcassets in Resources */,
				FBD4548528AA38E6009B191B /* Assets.xcassets in Resources */,
			);
			runOnlyForDeploymentPostprocessing = 0;
		};
/* End PBXResourcesBuildPhase section */

/* Begin PBXSourcesBuildPhase section */
		FBD4547928AA38E2009B191B /* Sources */ = {
			isa = PBXSourcesBuildPhase;
			buildActionMask = 2147483647;
			files = (
				FBD454A728AB7DE4009B191B /* FilePanel+Extension.swift in Sources */,
				FBD454A928AB7E34009B191B /* ImageFilter.swift in Sources */,
				FBD454BA28AB874A009B191B /* CPImage.swift in Sources */,
				FBD4549028AB74E2009B191B /* ContentView1.swift in Sources */,
				FBD454B228AB81B9009B191B /* AppState.swift in Sources */,
				FBD454A528AB7D8A009B191B /* ContentView.swift in Sources */,
				FBD454B828AB86B2009B191B /* ImageFilterView.swift in Sources */,
				FBD454B028AB8027009B191B /* AppDelegate.swift in Sources */,
				FBD4548128AA38E2009B191B /* visual0App.swift in Sources */,
				FBD454AE28AB7FEA009B191B /* ProgressView.swift in Sources */,
			);
			runOnlyForDeploymentPostprocessing = 0;
		};
/* End PBXSourcesBuildPhase section */

/* Begin XCBuildConfiguration section */
		FBD4548A28AA38E6009B191B /* Debug */ = {
			isa = XCBuildConfiguration;
			buildSettings = {
				ALWAYS_SEARCH_USER_PATHS = NO;
				CLANG_ANALYZER_NONNULL = YES;
				CLANG_ANALYZER_NUMBER_OBJECT_CONVERSION = YES_AGGRESSIVE;
				CLANG_CXX_LANGUAGE_STANDARD = "gnu++17";
				CLANG_ENABLE_MODULES = YES;
				CLANG_ENABLE_OBJC_ARC = YES;
				CLANG_ENABLE_OBJC_WEAK = YES;
				CLANG_WARN_BLOCK_CAPTURE_AUTORELEASING = YES;
				CLANG_WARN_BOOL_CONVERSION = YES;
				CLANG_WARN_COMMA = YES;
				CLANG_WARN_CONSTANT_CONVERSION = YES;
				CLANG_WARN_DEPRECATED_OBJC_IMPLEMENTATIONS = YES;
				CLANG_WARN_DIRECT_OBJC_ISA_USAGE = YES_ERROR;
				CLANG_WARN_DOCUMENTATION_COMMENTS = YES;
				CLANG_WARN_EMPTY_BODY = YES;
				CLANG_WARN_ENUM_CONVERSION = YES;
				CLANG_WARN_INFINITE_RECURSION = YES;
				CLANG_WARN_INT_CONVERSION = YES;
				CLANG_WARN_NON_LITERAL_NULL_CONVERSION = YES;
				CLANG_WARN_OBJC_IMPLICIT_RETAIN_SELF = YES;
				CLANG_WARN_OBJC_LITERAL_CONVERSION = YES;
				CLANG_WARN_OBJC_ROOT_CLASS = YES_ERROR;
				CLANG_WARN_QUOTED_INCLUDE_IN_FRAMEWORK_HEADER = YES;
				CLANG_WARN_RANGE_LOOP_ANALYSIS = YES;
				CLANG_WARN_STRICT_PROTOTYPES = YES;
				CLANG_WARN_SUSPICIOUS_MOVE = YES;
				CLANG_WARN_UNGUARDED_AVAILABILITY = YES_AGGRESSIVE;
				CLANG_WARN_UNREACHABLE_CODE = YES;
				CLANG_WARN__DUPLICATE_METHOD_MATCH = YES;
				COPY_PHASE_STRIP = NO;
				DEBUG_INFORMATION_FORMAT = dwarf;
				ENABLE_STRICT_OBJC_MSGSEND = YES;
				ENABLE_TESTABILITY = YES;
				GCC_C_LANGUAGE_STANDARD = gnu11;
				GCC_DYNAMIC_NO_PIC = NO;
				GCC_NO_COMMON_BLOCKS = YES;
				GCC_OPTIMIZATION_LEVEL = 0;
				GCC_PREPROCESSOR_DEFINITIONS = (
					"DEBUG=1",
					"$(inherited)",
				);
				GCC_WARN_64_TO_32_BIT_CONVERSION = YES;
				GCC_WARN_ABOUT_RETURN_TYPE = YES_ERROR;
				GCC_WARN_UNDECLARED_SELECTOR = YES;
				GCC_WARN_UNINITIALIZED_AUTOS = YES_AGGRESSIVE;
				GCC_WARN_UNUSED_FUNCTION = YES;
				GCC_WARN_UNUSED_VARIABLE = YES;
				MACOSX_DEPLOYMENT_TARGET = 12.3;
				MTL_ENABLE_DEBUG_INFO = INCLUDE_SOURCE;
				MTL_FAST_MATH = YES;
				ONLY_ACTIVE_ARCH = YES;
				SDKROOT = macosx;
				SWIFT_ACTIVE_COMPILATION_CONDITIONS = DEBUG;
				SWIFT_OPTIMIZATION_LEVEL = "-Onone";
			};
			name = Debug;
		};
		FBD4548B28AA38E6009B191B /* Release */ = {
			isa = XCBuildConfiguration;
			buildSettings = {
				ALWAYS_SEARCH_USER_PATHS = NO;
				CLANG_ANALYZER_NONNULL = YES;
				CLANG_ANALYZER_NUMBER_OBJECT_CONVERSION = YES_AGGRESSIVE;
				CLANG_CXX_LANGUAGE_STANDARD = "gnu++17";
				CLANG_ENABLE_MODULES = YES;
				CLANG_ENABLE_OBJC_ARC = YES;
				CLANG_ENABLE_OBJC_WEAK = YES;
				CLANG_WARN_BLOCK_CAPTURE_AUTORELEASING = YES;
				CLANG_WARN_BOOL_CONVERSION = YES;
				CLANG_WARN_COMMA = YES;
				CLANG_WARN_CONSTANT_CONVERSION = YES;
				CLANG_WARN_DEPRECATED_OBJC_IMPLEMENTATIONS = YES;
				CLANG_WARN_DIRECT_OBJC_ISA_USAGE = YES_ERROR;
				CLANG_WARN_DOCUMENTATION_COMMENTS = YES;
				CLANG_WARN_EMPTY_BODY = YES;
				CLANG_WARN_ENUM_CONVERSION = YES;
				CLANG_WARN_INFINITE_RECURSION = YES;
				CLANG_WARN_INT_CONVERSION = YES;
				CLANG_WARN_NON_LITERAL_NULL_CONVERSION = YES;
				CLANG_WARN_OBJC_IMPLICIT_RETAIN_SELF = YES;
				CLANG_WARN_OBJC_LITERAL_CONVERSION = YES;
				CLANG_WARN_OBJC_ROOT_CLASS = YES_ERROR;
				CLANG_WARN_QUOTED_INCLUDE_IN_FRAMEWORK_HEADER = YES;
				CLANG_WARN_RANGE_LOOP_ANALYSIS = YES;
				CLANG_WARN_STRICT_PROTOTYPES = YES;
				CLANG_WARN_SUSPICIOUS_MOVE = YES;
				CLANG_WARN_UNGUARDED_AVAILABILITY = YES_AGGRESSIVE;
				CLANG_WARN_UNREACHABLE_CODE = YES;
				CLANG_WARN__DUPLICATE_METHOD_MATCH = YES;
				COPY_PHASE_STRIP = NO;
				DEBUG_INFORMATION_FORMAT = "dwarf-with-dsym";
				ENABLE_NS_ASSERTIONS = NO;
				ENABLE_STRICT_OBJC_MSGSEND = YES;
				GCC_C_LANGUAGE_STANDARD = gnu11;
				GCC_NO_COMMON_BLOCKS = YES;
				GCC_WARN_64_TO_32_BIT_CONVERSION = YES;
				GCC_WARN_ABOUT_RETURN_TYPE = YES_ERROR;
				GCC_WARN_UNDECLARED_SELECTOR = YES;
				GCC_WARN_UNINITIALIZED_AUTOS = YES_AGGRESSIVE;
				GCC_WARN_UNUSED_FUNCTION = YES;
				GCC_WARN_UNUSED_VARIABLE = YES;
				MACOSX_DEPLOYMENT_TARGET = 12.3;
				MTL_ENABLE_DEBUG_INFO = NO;
				MTL_FAST_MATH = YES;
				SDKROOT = macosx;
				SWIFT_COMPILATION_MODE = wholemodule;
				SWIFT_OPTIMIZATION_LEVEL = "-O";
			};
			name = Release;
		};
		FBD4548D28AA38E6009B191B /* Debug */ = {
			isa = XCBuildConfiguration;
			buildSettings = {
				ASSETCATALOG_COMPILER_APPICON_NAME = AppIcon;
				ASSETCATALOG_COMPILER_GLOBAL_ACCENT_COLOR_NAME = AccentColor;
				CODE_SIGN_ENTITLEMENTS = visual0/visual0.entitlements;
				CODE_SIGN_STYLE = Automatic;
				COMBINE_HIDPI_IMAGES = YES;
				CURRENT_PROJECT_VERSION = 1;
				DEVELOPMENT_ASSET_PATHS = "\"visual0/Preview Content\"";
				DEVELOPMENT_TEAM = 5GND6N2926;
				ENABLE_HARDENED_RUNTIME = YES;
				ENABLE_PREVIEWS = YES;
				GENERATE_INFOPLIST_FILE = YES;
				INFOPLIST_KEY_NSHumanReadableCopyright = "";
				LD_RUNPATH_SEARCH_PATHS = (
					"$(inherited)",
					"@executable_path/../Frameworks",
				);
				MARKETING_VERSION = 1.0;
				PRODUCT_BUNDLE_IDENTIFIER = Rebmatt.visual0;
				PRODUCT_NAME = "$(TARGET_NAME)";
				SWIFT_EMIT_LOC_STRINGS = YES;
				SWIFT_VERSION = 5.0;
			};
			name = Debug;
		};
		FBD4548E28AA38E6009B191B /* Release */ = {
			isa = XCBuildConfiguration;
			buildSettings = {
				ASSETCATALOG_COMPILER_APPICON_NAME = AppIcon;
				ASSETCATALOG_COMPILER_GLOBAL_ACCENT_COLOR_NAME = AccentColor;
				CODE_SIGN_ENTITLEMENTS = visual0/visual0.entitlements;
				CODE_SIGN_STYLE = Automatic;
				COMBINE_HIDPI_IMAGES = YES;
				CURRENT_PROJECT_VERSION = 1;
				DEVELOPMENT_ASSET_PATHS = "\"visual0/Preview Content\"";
				DEVELOPMENT_TEAM = 5GND6N2926;
				ENABLE_HARDENED_RUNTIME = YES;
				ENABLE_PREVIEWS = YES;
				GENERATE_INFOPLIST_FILE = YES;
				INFOPLIST_KEY_NSHumanReadableCopyright = "";
				LD_RUNPATH_SEARCH_PATHS = (
					"$(inherited)",
					"@executable_path/../Frameworks",
				);
				MARKETING_VERSION = 1.0;
				PRODUCT_BUNDLE_IDENTIFIER = Rebmatt.visual0;
				PRODUCT_NAME = "$(TARGET_NAME)";
				SWIFT_EMIT_LOC_STRINGS = YES;
				SWIFT_VERSION = 5.0;
			};
			name = Release;
		};
/* End XCBuildConfiguration section */

/* Begin XCConfigurationList section */
		FBD4547828AA38E2009B191B /* Build configuration list for PBXProject "visual0" */ = {
			isa = XCConfigurationList;
			buildConfigurations = (
				FBD4548A28AA38E6009B191B /* Debug */,
				FBD4548B28AA38E6009B191B /* Release */,
			);
			defaultConfigurationIsVisible = 0;
			defaultConfigurationName = Release;
		};
		FBD4548C28AA38E6009B191B /* Build configuration list for PBXNativeTarget "visual0" */ = {
			isa = XCConfigurationList;
			buildConfigurations = (
				FBD4548D28AA38E6009B191B /* Debug */,
				FBD4548E28AA38E6009B191B /* Release */,
			);
			defaultConfigurationIsVisible = 0;
			defaultConfigurationName = Release;
		};
/* End XCConfigurationList section */

/* Begin XCSwiftPackageProductDependency section */
		FBD454AB28AB7F23009B191B /* GPUImage */ = {
			isa = XCSwiftPackageProductDependency;
			productName = GPUImage;
		};
/* End XCSwiftPackageProductDependency section */
	};
	rootObject = FBD4547528AA38E2009B191B /* Project object */;
}
